{
  "name": "granp-lib",
  "version": "0.0.1",
  "lockfileVersion": 3,
  "requires": true,
  "packages": {
    "": {
      "name": "granp-lib",
      "version": "0.0.1",
      "dependencies": {
        "tslib": "^2.3.0"
      },
      "devDependencies": {
        "@ionic/angular": "^7.5.2"
      },
      "peerDependencies": {
        "@angular/common": "^16.0.0",
        "@angular/core": "^16.0.0",
        "@auth0/auth0-angular": "^2.2.1",
        "@capacitor/app": "^5.0.6",
        "@capacitor/browser": "^5.1.0",
        "@capacitor/camera": "5.0.7",
        "@capacitor/core": "^5.5.1",
        "@ionic-native/geolocation": "^5.36.0",
        "@ionic/angular": "^7.5.2",
        "@microsoft/signalr": "8.0.0",
        "mapbox-gl": "3.0.0"
      }
    },
    "node_modules/@ionic/angular": {
      "version": "7.5.2",
      "dev": true,
      "license": "MIT",
      "dependencies": {
        "@ionic/core": "7.5.2",
        "ionicons": "^7.0.0",
        "jsonc-parser": "^3.0.0",
        "tslib": "^2.3.0"
      },
      "peerDependencies": {
        "@angular/core": ">=14.0.0",
        "@angular/forms": ">=14.0.0",
        "@angular/router": ">=14.0.0",
        "rxjs": ">=7.5.0",
        "zone.js": ">=0.11.0"
      }
    },
    "node_modules/@ionic/core": {
      "version": "7.5.2",
      "dev": true,
      "license": "MIT",
      "dependencies": {
        "@stencil/core": "^4.6.0",
        "ionicons": "^7.2.1",
        "tslib": "^2.1.0"
      }
    },
    "node_modules/@stencil/core": {
      "version": "4.6.0",
      "dev": true,
      "license": "MIT",
      "bin": {
        "stencil": "bin/stencil"
      },
      "engines": {
        "node": ">=16.0.0",
        "npm": ">=7.10.0"
      }
    },
    "node_modules/ionicons": {
      "version": "7.2.1",
      "dev": true,
      "license": "MIT",
      "dependencies": {
        "@stencil/core": "^4.0.3"
      }
    },
    "node_modules/jsonc-parser": {
      "version": "3.2.0",
      "dev": true,
      "license": "MIT"
    },
    "node_modules/tslib": {
      "version": "2.6.2",
      "license": "0BSD"
    }
  }
}
